
Microsoft Visual Studio Solution File, Format Version 12.00
# Visual Studio Version 16
VisualStudioVersion = 16.0.29509.3
MinimumVisualStudioVersion = 10.0.40219.1
Project("{FAE04EC0-301F-11D3-BF4B-00C04F79EFBC}") = "ConsoleTree", "ConsoleTree\ConsoleTree.csproj", "{FC8E3583-ABF3-4174-BD6E-8C361E5AFB2D}"
EndProject
Global
	GlobalSection(SolutionConfigurationPlatforms) = preSolution
		Debug|Any CPU = Debug|Any CPU
		Release|Any CPU = Release|Any CPU
	EndGlobalSection
	GlobalSection(ProjectConfigurationPlatforms) = postSolution
		{FC8E3583-ABF3-4174-BD6E-8C361E5AFB2D}.Debug|Any CPU.ActiveCfg = Debug|Any CPU
		{FC8E3583-ABF3-4174-BD6E-8C361E5AFB2D}.Debug|Any CPU.Build.0 = Debug|Any CPU
		{FC8E3583-ABF3-4174-BD6E-8C361E5AFB2D}.Release|Any CPU.ActiveCfg = Release|Any CPU
		{FC8E3583-ABF3-4174-BD6E-8C361E5AFB2D}.Release|Any CPU.Build.0 = Release|Any CPU
	EndGlobalSection
	GlobalSection(SolutionProperties) = preSolution
		HideSolutionNode = FALSE
	EndGlobalSection
	GlobalSection(ExtensibilityGlobals) = postSolution
		SolutionGuid = {909195AD-4B4E-4E61-A7AC-99ED9DFE311F}
	EndGlobalSection
EndGlobal
